{
  "nodes": {
    "fenix": {
      "inputs": {
        "nixpkgs": [
          "nixpkgs"
        ],
        "rust-analyzer-src": "rust-analyzer-src"
      },
      "locked": {
        "lastModified": 1758436899,
        "narHash": "sha256-8lyjrsauz4Ac7JP+qDcf9IUetrvBqGELZuq1c/poO9c=",
        "owner": "nix-community",
        "repo": "fenix",
        "rev": "73f8c1fc7aeaf3bbdd59da1cb4bd94a57fc7d96d",
        "type": "github"
      },
      "original": {
        "owner": "nix-community",
        "repo": "fenix",
        "type": "github"
      }
    },
    "nixpkgs": {
      "locked": {
        "lastModified": 1758455089,
        "narHash": "sha256-U56MdBxNNBflf/82KHrepFKnYObKLXmG8hAzTjMBQ/Y=",
        "owner": "ScottCowe",
        "repo": "nixpkgs",
        "rev": "2da3dfe371edbf90d41d57a88c9918235630e866",
        "type": "github"
      },
      "original": {
        "owner": "ScottCowe",
        "ref": "add-wasm-bindgen-cli-0-2-103",
        "repo": "nixpkgs",
        "type": "github"
      }
    },
    "root": {
      "inputs": {
        "fenix": "fenix",
        "nixpkgs": "nixpkgs"
      }
    },
    "rust-analyzer-src": {
      "flake": false,
      "locked": {
        "lastModified": 1758375159,
        "narHash": "sha256-nia02uYZM6zHkGmz5nARYMeCnRx7fl9M9bs8hatpAjQ=",
        "owner": "rust-lang",
        "repo": "rust-analyzer",
        "rev": "187917fa5d494dbb844452decfdc90bfa81ccf45",
        "type": "github"
      },
      "original": {
        "owner": "rust-lang",
        "ref": "nightly",
        "repo": "rust-analyzer",
        "type": "github"
      }
    }
  },
  "root": "root",
  "version": 7
}
